
Microsoft Visual Studio Solution File, Format Version 12.00
# Visual Studio Version 16
VisualStudioVersion = 16.0.30011.22
MinimumVisualStudioVersion = 10.0.40219.1
Project("{9A19103F-16F7-4668-BE54-9A1E7A4F7556}") = "Loader", "Loader\Loader.csproj", "{4886E307-F34E-47BC-B536-FCC97266ACF5}"
EndProject
Project("{9A19103F-16F7-4668-BE54-9A1E7A4F7556}") = "GenericHostTest", "Tests\GenericHostTest\GenericHostTest.csproj", "{67560349-475A-4889-9846-11B707C02DBA}"
EndProject
Project("{2150E333-8FDC-42A3-9474-1A3956D46DE8}") = "Tests", "Tests", "{8DEE1247-6F8F-4095-81A9-57D8A71FE1B6}"
EndProject
Project("{FAE04EC0-301F-11D3-BF4B-00C04F79EFBC}") = "Linq2XmlGame", "Tests\Linq2XmlGame\Linq2XmlGame.csproj", "{E8297C1C-6406-4CA4-928A-FEFC998084E5}"
EndProject
Global
	GlobalSection(SolutionConfigurationPlatforms) = preSolution
		Debug|Any CPU = Debug|Any CPU
		Release|Any CPU = Release|Any CPU
	EndGlobalSection
	GlobalSection(ProjectConfigurationPlatforms) = postSolution
		{4886E307-F34E-47BC-B536-FCC97266ACF5}.Debug|Any CPU.ActiveCfg = Debug|Any CPU
		{4886E307-F34E-47BC-B536-FCC97266ACF5}.Debug|Any CPU.Build.0 = Debug|Any CPU
		{4886E307-F34E-47BC-B536-FCC97266ACF5}.Release|Any CPU.ActiveCfg = Release|Any CPU
		{4886E307-F34E-47BC-B536-FCC97266ACF5}.Release|Any CPU.Build.0 = Release|Any CPU
		{67560349-475A-4889-9846-11B707C02DBA}.Debug|Any CPU.ActiveCfg = Debug|Any CPU
		{67560349-475A-4889-9846-11B707C02DBA}.Debug|Any CPU.Build.0 = Debug|Any CPU
		{67560349-475A-4889-9846-11B707C02DBA}.Release|Any CPU.ActiveCfg = Release|Any CPU
		{67560349-475A-4889-9846-11B707C02DBA}.Release|Any CPU.Build.0 = Release|Any CPU
		{E8297C1C-6406-4CA4-928A-FEFC998084E5}.Debug|Any CPU.ActiveCfg = Debug|Any CPU
		{E8297C1C-6406-4CA4-928A-FEFC998084E5}.Debug|Any CPU.Build.0 = Debug|Any CPU
		{E8297C1C-6406-4CA4-928A-FEFC998084E5}.Release|Any CPU.ActiveCfg = Release|Any CPU
		{E8297C1C-6406-4CA4-928A-FEFC998084E5}.Release|Any CPU.Build.0 = Release|Any CPU
	EndGlobalSection
	GlobalSection(SolutionProperties) = preSolution
		HideSolutionNode = FALSE
	EndGlobalSection
	GlobalSection(NestedProjects) = preSolution
		{67560349-475A-4889-9846-11B707C02DBA} = {8DEE1247-6F8F-4095-81A9-57D8A71FE1B6}
		{E8297C1C-6406-4CA4-928A-FEFC998084E5} = {8DEE1247-6F8F-4095-81A9-57D8A71FE1B6}
	EndGlobalSection
	GlobalSection(ExtensibilityGlobals) = postSolution
		SolutionGuid = {CEE511F4-6EC9-4D7B-8674-45AB60C69B92}
	EndGlobalSection
EndGlobal
